
Microsoft Visual Studio Solution File, Format Version 12.00
# Visual Studio Version 17
VisualStudioVersion = 17.6.33815.320
MinimumVisualStudioVersion = 10.0.40219.1
Project("{FAE04EC0-301F-11D3-BF4B-00C04F79EFBC}") = "Ip Validator Implementation", "Ip Validator Implementation.csproj", "{F830E1B8-07E1-443C-A24E-4FEFFCCCD209}"
EndProject
Global
	GlobalSection(SolutionConfigurationPlatforms) = preSolution
		Debug|Any CPU = Debug|Any CPU
		Release|Any CPU = Release|Any CPU
	EndGlobalSection
	GlobalSection(ProjectConfigurationPlatforms) = postSolution
		{F830E1B8-07E1-443C-A24E-4FEFFCCCD209}.Debug|Any CPU.ActiveCfg = Debug|Any CPU
		{F830E1B8-07E1-443C-A24E-4FEFFCCCD209}.Debug|Any CPU.Build.0 = Debug|Any CPU
		{F830E1B8-07E1-443C-A24E-4FEFFCCCD209}.Release|Any CPU.ActiveCfg = Release|Any CPU
		{F830E1B8-07E1-443C-A24E-4FEFFCCCD209}.Release|Any CPU.Build.0 = Release|Any CPU
	EndGlobalSection
	GlobalSection(SolutionProperties) = preSolution
		HideSolutionNode = FALSE
	EndGlobalSection
	GlobalSection(ExtensibilityGlobals) = postSolution
		SolutionGuid = {DA22A4DC-44FF-47F8-83D4-8C81D1E43D0C}
	EndGlobalSection
EndGlobal
